
Microsoft Visual Studio Solution File, Format Version 12.00
# Visual Studio Version 17
VisualStudioVersion = 17.1.32421.90
MinimumVisualStudioVersion = 10.0.40219.1
Project("{FAE04EC0-301F-11D3-BF4B-00C04F79EFBC}") = "UI", "UI\UI.csproj", "{5211D75B-1FAC-4AD9-B834-90151EBCA6F0}"
EndProject
Project("{FAE04EC0-301F-11D3-BF4B-00C04F79EFBC}") = "Entities", "Entities\Entities.csproj", "{2D49ABBD-24D5-4BC7-84AF-483A6430D343}"
EndProject
Global
	GlobalSection(SolutionConfigurationPlatforms) = preSolution
		Debug|Any CPU = Debug|Any CPU
		Release|Any CPU = Release|Any CPU
	EndGlobalSection
	GlobalSection(ProjectConfigurationPlatforms) = postSolution
		{5211D75B-1FAC-4AD9-B834-90151EBCA6F0}.Debug|Any CPU.ActiveCfg = Debug|Any CPU
		{5211D75B-1FAC-4AD9-B834-90151EBCA6F0}.Debug|Any CPU.Build.0 = Debug|Any CPU
		{5211D75B-1FAC-4AD9-B834-90151EBCA6F0}.Release|Any CPU.ActiveCfg = Release|Any CPU
		{5211D75B-1FAC-4AD9-B834-90151EBCA6F0}.Release|Any CPU.Build.0 = Release|Any CPU
		{2D49ABBD-24D5-4BC7-84AF-483A6430D343}.Debug|Any CPU.ActiveCfg = Debug|Any CPU
		{2D49ABBD-24D5-4BC7-84AF-483A6430D343}.Debug|Any CPU.Build.0 = Debug|Any CPU
		{2D49ABBD-24D5-4BC7-84AF-483A6430D343}.Release|Any CPU.ActiveCfg = Release|Any CPU
		{2D49ABBD-24D5-4BC7-84AF-483A6430D343}.Release|Any CPU.Build.0 = Release|Any CPU
	EndGlobalSection
	GlobalSection(SolutionProperties) = preSolution
		HideSolutionNode = FALSE
	EndGlobalSection
	GlobalSection(ExtensibilityGlobals) = postSolution
		SolutionGuid = {E1645D1F-7512-4931-AE35-97F0E21569A4}
	EndGlobalSection
EndGlobal
